PODS:
  - WatchdogInspector (0.2.1)

DEPENDENCIES:
  - WatchdogInspector (from `../WatchdogInspector.podspec`)

EXTERNAL SOURCES:
  WatchdogInspector:
    :path: "../WatchdogInspector.podspec"

SPEC CHECKSUMS:
  WatchdogInspector: 6e8d9cb9362e44e642923146c4beed8f564a6244

PODFILE CHECKSUM: 55ef95b439be241cf7a60adba3342184c4da106a

COCOAPODS: 1.0.0
