PODS:
  - WatchdogInspector (0.1.0):
    - YourStatusBar (~> 1.0.0)
  - YourStatusBar (1.0.1)

DEPENDENCIES:
  - WatchdogInspector (from `../WatchdogInspector.podspec`)

EXTERNAL SOURCES:
  WatchdogInspector:
    :path: ../WatchdogInspector.podspec

SPEC CHECKSUMS:
  WatchdogInspector: 165a595625cec274c204aabe4030560dc0cdd314
  YourStatusBar: 8fe2e308865c97018565e57da6dab1a17d4fdf25

COCOAPODS: 0.39.0
