PODS:
  - WatchdogInspector (0.2.1):
    - YourStatusBar (~> 1.0.0)
  - YourStatusBar (1.0.1)

DEPENDENCIES:
  - WatchdogInspector (from `../WatchdogInspector.podspec`)

EXTERNAL SOURCES:
  WatchdogInspector:
    :path: "../WatchdogInspector.podspec"

SPEC CHECKSUMS:
  WatchdogInspector: 522ff65e6a02c894d7e02d926d7dc3ab53be5fe2
  YourStatusBar: 8fe2e308865c97018565e57da6dab1a17d4fdf25

COCOAPODS: 0.39.0
