PODS:
  - WatchdogInspector (1.3.0)

DEPENDENCIES:
  - WatchdogInspector (from `../WatchdogInspector.podspec`)

EXTERNAL SOURCES:
  WatchdogInspector:
    :path: "../WatchdogInspector.podspec"

SPEC CHECKSUMS:
  WatchdogInspector: 1495917a93764ac454995fca62552472a3eaac00

PODFILE CHECKSUM: 2b06df6ad5dc10642faa67d9bff5a0cf969b38f8

COCOAPODS: 1.5.2
