PODS:
  - WatchdogInspector (0.3)

DEPENDENCIES:
  - WatchdogInspector (from `../WatchdogInspector.podspec`)

EXTERNAL SOURCES:
  WatchdogInspector:
    :path: "../WatchdogInspector.podspec"

SPEC CHECKSUMS:
  WatchdogInspector: cc6d13cd9e30882765c25c870b1d18e6b354702b

PODFILE CHECKSUM: 872044a544b757f0c59ed491aa38ceeb179627fe

COCOAPODS: 1.0.0
